<Solution>
  <Project Path="docker-compose.dcproj">
    <Build />
  </Project>
  <Folder Name="/Solution Items/">
    <File Path="Directory.Packages.props" />
    <File Path="README.md" />
  </Folder>
  <Folder Name="/src/" />
  <Folder Name="/src/DiagnosticLog/">
    <Project Path="src/DiagnosticLog/Diagnostics.Abstractions/Diagnostics.Abstractions.csproj" />
    <Project Path="src/DiagnosticLog/Diagnostics.AspNetCore/Diagnostics.AspNetCore.csproj" />
    <Project Path="src/DiagnosticLog/Diagnostics.NLog/Diagnostics.NLog.csproj" />
  </Folder>
  <Folder Name="/src/OrangepuffPortal/">
    <Project Path="src/OrangepuffPortal/OrangepuffPortal.Bff/OrangepuffPortal.Bff.csproj" />
    <Project Path="src/OrangepuffPortal/OrangepuffPortal.Config/OrangepuffPortal.Config.csproj" />
    <Project Path="src/OrangepuffPortal/OrangepuffPortal.Config.Contract/OrangepuffPortal.Config.Contract.csproj" />
    <Project Path="src/OrangepuffPortal/OrangepuffPortal.ConfigData/OrangepuffPortal.ConfigData.csproj" />
    <Project Path="src/OrangepuffPortal/OrangepuffPortal.ConfigData.Contract/OrangepuffPortal.ConfigData.Contract.csproj" />
    <Project Path="src/OrangepuffPortal/OrangepuffPortal.ConfigText/OrangepuffPortal.ConfigText.csproj" />
    <Project Path="src/OrangepuffPortal/OrangepuffPortal.ConfigText.Contract/OrangepuffPortal.ConfigText.Contract.csproj" />
    <Project Path="src/OrangepuffPortal/OrangepuffPortal.Host/OrangepuffPortal.Host.csproj" />
    <Project Path="src/OrangepuffPortal/OrangepuffPortal.Identity/OrangepuffPortal.Identity.csproj" />
    <Project Path="src/OrangepuffPortal/OrangepuffPortal.Identity.Contract/OrangepuffPortal.Identity.Contract.csproj" />
    <Project Path="src/OrangepuffPortal/OrangepuffPortal.Shared/OrangepuffPortal.Shared.csproj" />
    <Project Path="src/OrangepuffPortal/OrangepuffPortal.Theme/OrangepuffPortal.Theme.csproj" />
    <Project Path="src/OrangepuffPortal/OrangepuffPortal.Theme.Contract/OrangepuffPortal.Theme.Contract.csproj" />
  </Folder>
  <Folder Name="/src/Backend/">
    <Project Path="src/Backend/OCRWeb.API/OCRWeb.API.csproj" />
    <Project Path="src/Backend/OCRWeb.Document/OCRWeb.Document.csproj" />
    <Project Path="src/Backend/OCRWeb.Document.Api/OCRWeb.Document.Api.csproj" />
    <Project Path="src/Backend/OCRWeb.Document.Contract/OCRWeb.Document.Contract.csproj" />
    <Project Path="src/Backend/OCRWeb.OCR/OCRWeb.OCR.csproj" />
    <Project Path="src/Backend/OCRWeb.OCR.Contract/OCRWeb.OCR.Contract.csproj" />
    <Project Path="src/Backend/OCRWeb.Pdf/OCRWeb.Pdf.csproj" />
    <Project Path="src/Backend/OCRWeb.Pdf.Contract/OCRWeb.Pdf.Contract.csproj" />
    <Project Path="src/Backend/OCRWeb.ProjectManagement/OCRWeb.ProjectManagement.csproj" />
    <Project Path="src/Backend/OCRWeb.ProjectManagement.Api/OCRWeb.ProjectManagement.Api.csproj" />
    <Project Path="src/Backend/OCRWeb.ProjectManagement.Contract/OCRWeb.ProjectManagement.Contract.csproj" />
  </Folder>
  <Folder Name="/tests/" />
  <Folder Name="/tests/integration/">
    <Project Path="tests/integration/OCRWeb.API.IntegrationTests/OCRWeb.API.IntegrationTests.csproj" />
    <Project Path="tests/integration/OCRWeb.Frontend.PlaywrightTests/OCRWeb.Frontend.PlaywrightTests.csproj" />
  </Folder>
  <Folder Name="/tests/unit/">
    <Project Path="tests/unit/OCRWeb.Document.UnitTests/OCRWeb.Document.UnitTests.csproj" />
    <Project Path="tests/unit/OCRWeb.ProjectManagement.UnitTests/OCRWeb.ProjectManagement.UnitTests.csproj" />
  </Folder>
</Solution>
